
Microsoft Visual Studio Solution File, Format Version 9.00
# Visual Studio 2005
Project("{FAE04EC0-301F-11D3-BF4B-00C04F79EFBC}") = "MonoHotDraw", "MonoHotDraw\MonoHotDraw.csproj", "{D5D2EB0A-662A-471D-94C0-FD51C96E9429}"
EndProject
Project("{2150E333-8FDC-42A3-9474-1A3956D46DE8}") = "Examples", "Examples", "{9441CB63-732B-4AF4-9CB8-52AF9AAEED10}"
EndProject
Project("{FAE04EC0-301F-11D3-BF4B-00C04F79EFBC}") = "UseCasesUML", "Examples\UseCasesUML\UseCasesUML.csproj", "{81FBC7F9-96A0-4D63-AFC5-D79BAD277443}"
EndProject
Project("{FAE04EC0-301F-11D3-BF4B-00C04F79EFBC}") = "Clock", "Examples\Clock\Clock.csproj", "{D5AED9F8-B201-41B0-86CE-4004E3E20407}"
EndProject
Project("{FAE04EC0-301F-11D3-BF4B-00C04F79EFBC}") = "ClassDesigner", "Examples\ClassDesigner\ClassDesigner.csproj", "{28D36BB4-47B8-4907-8919-1A5038AE932D}"
EndProject
Project("{FAE04EC0-301F-11D3-BF4B-00C04F79EFBC}") = "Demo", "Examples\Demo\Demo.csproj", "{A82476FD-9BAC-470C-AD56-F12DACC6A62E}"
EndProject
Global
	GlobalSection(SolutionConfigurationPlatforms) = preSolution
		Debug|Any CPU = Debug|Any CPU
		Release|Any CPU = Release|Any CPU
	EndGlobalSection
	GlobalSection(ProjectConfigurationPlatforms) = postSolution
		{28D36BB4-47B8-4907-8919-1A5038AE932D}.Debug|Any CPU.ActiveCfg = Debug|Any CPU
		{28D36BB4-47B8-4907-8919-1A5038AE932D}.Debug|Any CPU.Build.0 = Debug|Any CPU
		{28D36BB4-47B8-4907-8919-1A5038AE932D}.Release|Any CPU.ActiveCfg = Release|Any CPU
		{28D36BB4-47B8-4907-8919-1A5038AE932D}.Release|Any CPU.Build.0 = Release|Any CPU
		{81FBC7F9-96A0-4D63-AFC5-D79BAD277443}.Debug|Any CPU.ActiveCfg = Debug|Any CPU
		{81FBC7F9-96A0-4D63-AFC5-D79BAD277443}.Debug|Any CPU.Build.0 = Debug|Any CPU
		{81FBC7F9-96A0-4D63-AFC5-D79BAD277443}.Release|Any CPU.ActiveCfg = Release|Any CPU
		{81FBC7F9-96A0-4D63-AFC5-D79BAD277443}.Release|Any CPU.Build.0 = Release|Any CPU
		{A82476FD-9BAC-470C-AD56-F12DACC6A62E}.Debug|Any CPU.ActiveCfg = Debug|Any CPU
		{A82476FD-9BAC-470C-AD56-F12DACC6A62E}.Debug|Any CPU.Build.0 = Debug|Any CPU
		{A82476FD-9BAC-470C-AD56-F12DACC6A62E}.Release|Any CPU.ActiveCfg = Release|Any CPU
		{A82476FD-9BAC-470C-AD56-F12DACC6A62E}.Release|Any CPU.Build.0 = Release|Any CPU
		{D5AED9F8-B201-41B0-86CE-4004E3E20407}.Debug|Any CPU.ActiveCfg = Debug|Any CPU
		{D5AED9F8-B201-41B0-86CE-4004E3E20407}.Debug|Any CPU.Build.0 = Debug|Any CPU
		{D5AED9F8-B201-41B0-86CE-4004E3E20407}.Release|Any CPU.ActiveCfg = Release|Any CPU
		{D5AED9F8-B201-41B0-86CE-4004E3E20407}.Release|Any CPU.Build.0 = Release|Any CPU
		{D5D2EB0A-662A-471D-94C0-FD51C96E9429}.Debug|Any CPU.ActiveCfg = Debug|Any CPU
		{D5D2EB0A-662A-471D-94C0-FD51C96E9429}.Debug|Any CPU.Build.0 = Debug|Any CPU
		{D5D2EB0A-662A-471D-94C0-FD51C96E9429}.Release|Any CPU.ActiveCfg = Release|Any CPU
		{D5D2EB0A-662A-471D-94C0-FD51C96E9429}.Release|Any CPU.Build.0 = Release|Any CPU
	EndGlobalSection
	GlobalSection(NestedProjects) = preSolution
		{81FBC7F9-96A0-4D63-AFC5-D79BAD277443} = {9441CB63-732B-4AF4-9CB8-52AF9AAEED10}
		{D5AED9F8-B201-41B0-86CE-4004E3E20407} = {9441CB63-732B-4AF4-9CB8-52AF9AAEED10}
		{28D36BB4-47B8-4907-8919-1A5038AE932D} = {9441CB63-732B-4AF4-9CB8-52AF9AAEED10}
		{A82476FD-9BAC-470C-AD56-F12DACC6A62E} = {9441CB63-732B-4AF4-9CB8-52AF9AAEED10}
	EndGlobalSection
	GlobalSection(MonoDevelopProperties) = preSolution
		version = 0.1
		StartupItem = Examples\UseCasesUML\UseCasesUML.csproj
		Policies = $0
		$0.ChangeLogPolicy = $1
		$1.MessageStyle = $2
		$2.LineAlign = 0
		$1.inheritsSet = Mono
	EndGlobalSection
EndGlobal
